
Microsoft Visual Studio Solution File, Format Version 12.00
# Visual Studio Version 16
VisualStudioVersion = 16.0.32228.343
MinimumVisualStudioVersion = 10.0.40219.1
Project("{FAE04EC0-301F-11D3-BF4B-00C04F79EFBC}") = "PrintApplication", "PrintApplication\PrintApplication.csproj", "{F27B448C-8C7D-4E0C-9AE3-126FA726BF19}"
EndProject
Global
	GlobalSection(SolutionConfigurationPlatforms) = preSolution
		Debug|Any CPU = Debug|Any CPU
		Release|Any CPU = Release|Any CPU
	EndGlobalSection
	GlobalSection(ProjectConfigurationPlatforms) = postSolution
		{F27B448C-8C7D-4E0C-9AE3-126FA726BF19}.Debug|Any CPU.ActiveCfg = Debug|Any CPU
		{F27B448C-8C7D-4E0C-9AE3-126FA726BF19}.Debug|Any CPU.Build.0 = Debug|Any CPU
		{F27B448C-8C7D-4E0C-9AE3-126FA726BF19}.Release|Any CPU.ActiveCfg = Release|Any CPU
		{F27B448C-8C7D-4E0C-9AE3-126FA726BF19}.Release|Any CPU.Build.0 = Release|Any CPU
	EndGlobalSection
	GlobalSection(SolutionProperties) = preSolution
		HideSolutionNode = FALSE
	EndGlobalSection
	GlobalSection(ExtensibilityGlobals) = postSolution
		SolutionGuid = {1B1EC650-4D44-4293-94D5-34E132BB83AE}
	EndGlobalSection
EndGlobal
